
Microsoft Visual Studio Solution File, Format Version 11.00
# Visual Studio 2010
Project("{8BC9CEB8-8B4A-11D0-8D11-00A0C91BC942}") = "dlltest", "dlltest.vcxproj", "{8E5D778F-13CF-43DA-A018-1C5913550074}"
EndProject
Global
	GlobalSection(SolutionConfigurationPlatforms) = preSolution
		Debug|Win32 = Debug|Win32
		Release|Win32 = Release|Win32
	EndGlobalSection
	GlobalSection(ProjectConfigurationPlatforms) = postSolution
		{8E5D778F-13CF-43DA-A018-1C5913550074}.Debug|Win32.ActiveCfg = Debug|Win32
		{8E5D778F-13CF-43DA-A018-1C5913550074}.Debug|Win32.Build.0 = Debug|Win32
		{8E5D778F-13CF-43DA-A018-1C5913550074}.Release|Win32.ActiveCfg = Release|Win32
		{8E5D778F-13CF-43DA-A018-1C5913550074}.Release|Win32.Build.0 = Release|Win32
	EndGlobalSection
	GlobalSection(SolutionProperties) = preSolution
		HideSolutionNode = FALSE
	EndGlobalSection
EndGlobal
